
Microsoft Visual Studio Solution File, Format Version 12.00
# Visual Studio 2012
Project("{FAE04EC0-301F-11D3-BF4B-00C04F79EFBC}") = "task1_FileReadAndPrint", "task1_FileReadAndPrint\task1_FileReadAndPrint.csproj", "{355137A0-615F-4E9B-AE53-1B020A3B4BA9}"
EndProject
Project("{FAE04EC0-301F-11D3-BF4B-00C04F79EFBC}") = "task2_TextFileCreator", "task2_TextFileCreator\task2_TextFileCreator.csproj", "{86D8C4AD-A1A5-439C-881F-54450BD3500D}"
EndProject
Project("{FAE04EC0-301F-11D3-BF4B-00C04F79EFBC}") = "task3_LineNumbering", "task3_LineNumbering\task3_LineNumbering.csproj", "{DE678FF4-A4D1-439F-BF85-7E9051C9DBF2}"
EndProject
Project("{FAE04EC0-301F-11D3-BF4B-00C04F79EFBC}") = "task4_LineCompare", "task4_LineCompare\task4_LineCompare.csproj", "{9FD59EBB-CAEF-462A-B85E-810D70E12196}"
EndProject
Project("{FAE04EC0-301F-11D3-BF4B-00C04F79EFBC}") = "task5_ParseMatrixFromFile", "task5_ParseMatrixFromFile\task5_ParseMatrixFromFile.csproj", "{4AA9A11F-EA1B-4711-B410-2EBB4DBCDEAB}"
EndProject
Project("{FAE04EC0-301F-11D3-BF4B-00C04F79EFBC}") = "MaxAreaFunction", "MaxAreaFunction\MaxAreaFunction.csproj", "{FBF2E688-C7DB-4482-94C0-80D3A57E4A5F}"
EndProject
Project("{FAE04EC0-301F-11D3-BF4B-00C04F79EFBC}") = "task6_SortingFile", "task6_SortingFile\task6_SortingFile.csproj", "{1AD78C74-2585-415B-AA78-0907D9365DE6}"
EndProject
Project("{FAE04EC0-301F-11D3-BF4B-00C04F79EFBC}") = "task7_WordReplacer", "task7_WordReplacer\task7_WordReplacer.csproj", "{B4F5805B-66ED-4362-B3BF-90D5FE57DE73}"
EndProject
Project("{FAE04EC0-301F-11D3-BF4B-00C04F79EFBC}") = "task8_WordReplacerMod", "task8_WordReplacerMod\task8_WordReplacerMod.csproj", "{E4B0E167-08F0-41C0-A71B-E1B3F2C0AC18}"
EndProject
Project("{FAE04EC0-301F-11D3-BF4B-00C04F79EFBC}") = "task9_OddLineRemover", "task9_OddLineRemover\task9_OddLineRemover.csproj", "{BB2A80F0-4FE2-4D41-9BEF-AAD0050098CA}"
EndProject
Project("{FAE04EC0-301F-11D3-BF4B-00C04F79EFBC}") = "task10_TagRemover", "task10_TagRemover\task10_TagRemover.csproj", "{920B4C38-E76E-49EC-9366-4FBFC56CB57F}"
EndProject
Project("{FAE04EC0-301F-11D3-BF4B-00C04F79EFBC}") = "task12_SpesificWordsRemover", "task12_SpesificWordsRemover\task12_SpesificWordsRemover.csproj", "{24A455D4-C9F2-4D0C-A122-528E88E99F7E}"
EndProject
Project("{FAE04EC0-301F-11D3-BF4B-00C04F79EFBC}") = "task13_WordCounter", "task13_WordCounter\task13_WordCounter.csproj", "{200C8C16-E1A9-4DFE-B4ED-9ACF3F013C31}"
EndProject
Project("{FAE04EC0-301F-11D3-BF4B-00C04F79EFBC}") = "task11_ReplaceRegex", "task11_ReplaceRegex\task11_ReplaceRegex.csproj", "{0B5A75D7-41A6-4234-A57F-20F50BF358D5}"
EndProject
Global
	GlobalSection(SolutionConfigurationPlatforms) = preSolution
		Debug|Any CPU = Debug|Any CPU
		Release|Any CPU = Release|Any CPU
	EndGlobalSection
	GlobalSection(ProjectConfigurationPlatforms) = postSolution
		{355137A0-615F-4E9B-AE53-1B020A3B4BA9}.Debug|Any CPU.ActiveCfg = Debug|Any CPU
		{355137A0-615F-4E9B-AE53-1B020A3B4BA9}.Debug|Any CPU.Build.0 = Debug|Any CPU
		{355137A0-615F-4E9B-AE53-1B020A3B4BA9}.Release|Any CPU.ActiveCfg = Release|Any CPU
		{355137A0-615F-4E9B-AE53-1B020A3B4BA9}.Release|Any CPU.Build.0 = Release|Any CPU
		{86D8C4AD-A1A5-439C-881F-54450BD3500D}.Debug|Any CPU.ActiveCfg = Debug|Any CPU
		{86D8C4AD-A1A5-439C-881F-54450BD3500D}.Debug|Any CPU.Build.0 = Debug|Any CPU
		{86D8C4AD-A1A5-439C-881F-54450BD3500D}.Release|Any CPU.ActiveCfg = Release|Any CPU
		{86D8C4AD-A1A5-439C-881F-54450BD3500D}.Release|Any CPU.Build.0 = Release|Any CPU
		{DE678FF4-A4D1-439F-BF85-7E9051C9DBF2}.Debug|Any CPU.ActiveCfg = Debug|Any CPU
		{DE678FF4-A4D1-439F-BF85-7E9051C9DBF2}.Debug|Any CPU.Build.0 = Debug|Any CPU
		{DE678FF4-A4D1-439F-BF85-7E9051C9DBF2}.Release|Any CPU.ActiveCfg = Release|Any CPU
		{DE678FF4-A4D1-439F-BF85-7E9051C9DBF2}.Release|Any CPU.Build.0 = Release|Any CPU
		{9FD59EBB-CAEF-462A-B85E-810D70E12196}.Debug|Any CPU.ActiveCfg = Debug|Any CPU
		{9FD59EBB-CAEF-462A-B85E-810D70E12196}.Debug|Any CPU.Build.0 = Debug|Any CPU
		{9FD59EBB-CAEF-462A-B85E-810D70E12196}.Release|Any CPU.ActiveCfg = Release|Any CPU
		{9FD59EBB-CAEF-462A-B85E-810D70E12196}.Release|Any CPU.Build.0 = Release|Any CPU
		{4AA9A11F-EA1B-4711-B410-2EBB4DBCDEAB}.Debug|Any CPU.ActiveCfg = Debug|Any CPU
		{4AA9A11F-EA1B-4711-B410-2EBB4DBCDEAB}.Debug|Any CPU.Build.0 = Debug|Any CPU
		{4AA9A11F-EA1B-4711-B410-2EBB4DBCDEAB}.Release|Any CPU.ActiveCfg = Release|Any CPU
		{4AA9A11F-EA1B-4711-B410-2EBB4DBCDEAB}.Release|Any CPU.Build.0 = Release|Any CPU
		{FBF2E688-C7DB-4482-94C0-80D3A57E4A5F}.Debug|Any CPU.ActiveCfg = Debug|Any CPU
		{FBF2E688-C7DB-4482-94C0-80D3A57E4A5F}.Debug|Any CPU.Build.0 = Debug|Any CPU
		{FBF2E688-C7DB-4482-94C0-80D3A57E4A5F}.Release|Any CPU.ActiveCfg = Release|Any CPU
		{FBF2E688-C7DB-4482-94C0-80D3A57E4A5F}.Release|Any CPU.Build.0 = Release|Any CPU
		{1AD78C74-2585-415B-AA78-0907D9365DE6}.Debug|Any CPU.ActiveCfg = Debug|Any CPU
		{1AD78C74-2585-415B-AA78-0907D9365DE6}.Debug|Any CPU.Build.0 = Debug|Any CPU
		{1AD78C74-2585-415B-AA78-0907D9365DE6}.Release|Any CPU.ActiveCfg = Release|Any CPU
		{1AD78C74-2585-415B-AA78-0907D9365DE6}.Release|Any CPU.Build.0 = Release|Any CPU
		{B4F5805B-66ED-4362-B3BF-90D5FE57DE73}.Debug|Any CPU.ActiveCfg = Debug|Any CPU
		{B4F5805B-66ED-4362-B3BF-90D5FE57DE73}.Debug|Any CPU.Build.0 = Debug|Any CPU
		{B4F5805B-66ED-4362-B3BF-90D5FE57DE73}.Release|Any CPU.ActiveCfg = Release|Any CPU
		{B4F5805B-66ED-4362-B3BF-90D5FE57DE73}.Release|Any CPU.Build.0 = Release|Any CPU
		{E4B0E167-08F0-41C0-A71B-E1B3F2C0AC18}.Debug|Any CPU.ActiveCfg = Debug|Any CPU
		{E4B0E167-08F0-41C0-A71B-E1B3F2C0AC18}.Debug|Any CPU.Build.0 = Debug|Any CPU
		{E4B0E167-08F0-41C0-A71B-E1B3F2C0AC18}.Release|Any CPU.ActiveCfg = Release|Any CPU
		{E4B0E167-08F0-41C0-A71B-E1B3F2C0AC18}.Release|Any CPU.Build.0 = Release|Any CPU
		{BB2A80F0-4FE2-4D41-9BEF-AAD0050098CA}.Debug|Any CPU.ActiveCfg = Debug|Any CPU
		{BB2A80F0-4FE2-4D41-9BEF-AAD0050098CA}.Debug|Any CPU.Build.0 = Debug|Any CPU
		{BB2A80F0-4FE2-4D41-9BEF-AAD0050098CA}.Release|Any CPU.ActiveCfg = Release|Any CPU
		{BB2A80F0-4FE2-4D41-9BEF-AAD0050098CA}.Release|Any CPU.Build.0 = Release|Any CPU
		{920B4C38-E76E-49EC-9366-4FBFC56CB57F}.Debug|Any CPU.ActiveCfg = Debug|Any CPU
		{920B4C38-E76E-49EC-9366-4FBFC56CB57F}.Debug|Any CPU.Build.0 = Debug|Any CPU
		{920B4C38-E76E-49EC-9366-4FBFC56CB57F}.Release|Any CPU.ActiveCfg = Release|Any CPU
		{920B4C38-E76E-49EC-9366-4FBFC56CB57F}.Release|Any CPU.Build.0 = Release|Any CPU
		{24A455D4-C9F2-4D0C-A122-528E88E99F7E}.Debug|Any CPU.ActiveCfg = Debug|Any CPU
		{24A455D4-C9F2-4D0C-A122-528E88E99F7E}.Debug|Any CPU.Build.0 = Debug|Any CPU
		{24A455D4-C9F2-4D0C-A122-528E88E99F7E}.Release|Any CPU.ActiveCfg = Release|Any CPU
		{24A455D4-C9F2-4D0C-A122-528E88E99F7E}.Release|Any CPU.Build.0 = Release|Any CPU
		{200C8C16-E1A9-4DFE-B4ED-9ACF3F013C31}.Debug|Any CPU.ActiveCfg = Debug|Any CPU
		{200C8C16-E1A9-4DFE-B4ED-9ACF3F013C31}.Debug|Any CPU.Build.0 = Debug|Any CPU
		{200C8C16-E1A9-4DFE-B4ED-9ACF3F013C31}.Release|Any CPU.ActiveCfg = Release|Any CPU
		{200C8C16-E1A9-4DFE-B4ED-9ACF3F013C31}.Release|Any CPU.Build.0 = Release|Any CPU
		{0B5A75D7-41A6-4234-A57F-20F50BF358D5}.Debug|Any CPU.ActiveCfg = Debug|Any CPU
		{0B5A75D7-41A6-4234-A57F-20F50BF358D5}.Debug|Any CPU.Build.0 = Debug|Any CPU
		{0B5A75D7-41A6-4234-A57F-20F50BF358D5}.Release|Any CPU.ActiveCfg = Release|Any CPU
		{0B5A75D7-41A6-4234-A57F-20F50BF358D5}.Release|Any CPU.Build.0 = Release|Any CPU
	EndGlobalSection
	GlobalSection(SolutionProperties) = preSolution
		HideSolutionNode = FALSE
	EndGlobalSection
EndGlobal
