
Microsoft Visual Studio Solution File, Format Version 12.00
# Visual Studio 2012
Project("{FAE04EC0-301F-11D3-BF4B-00C04F79EFBC}") = "task1", "task1\task1.csproj", "{2D43A698-5BA7-42B2-B1ED-DF714A6DC663}"
EndProject
Project("{FAE04EC0-301F-11D3-BF4B-00C04F79EFBC}") = "task2", "task2\task2.csproj", "{5FC06497-442C-421B-AD1A-80783E6F8FA5}"
EndProject
Project("{FAE04EC0-301F-11D3-BF4B-00C04F79EFBC}") = "task3", "task3\task3.csproj", "{D7AAA438-570C-4E9F-B1D9-C28623A7A579}"
EndProject
Project("{FAE04EC0-301F-11D3-BF4B-00C04F79EFBC}") = "task4", "task4\task4.csproj", "{5A561118-E1E1-4BD5-80FD-BB775CF2A642}"
EndProject
Project("{FAE04EC0-301F-11D3-BF4B-00C04F79EFBC}") = "task5", "task5\task5.csproj", "{F99392CF-25F9-4960-8ED1-876AF7EBC328}"
EndProject
Project("{FAE04EC0-301F-11D3-BF4B-00C04F79EFBC}") = "task6", "task6\task6.csproj", "{EAD177EB-D3A6-42B1-9D55-D82814C47777}"
EndProject
Project("{FAE04EC0-301F-11D3-BF4B-00C04F79EFBC}") = "task7_Chipher", "task7\task7_Chipher.csproj", "{F9016ACD-DE1C-4BD1-A55E-86AD72385394}"
EndProject
Project("{FAE04EC0-301F-11D3-BF4B-00C04F79EFBC}") = "task8", "task8\task8.csproj", "{E7D4D3B5-3E83-442E-892B-EB434496DA79}"
EndProject
Project("{FAE04EC0-301F-11D3-BF4B-00C04F79EFBC}") = "task9", "task9\task9.csproj", "{9AE8CB22-6F07-4B98-8639-251FE26CADC8}"
EndProject
Project("{FAE04EC0-301F-11D3-BF4B-00C04F79EFBC}") = "task10", "task10\task10.csproj", "{D70B7445-9AD1-4C38-99C4-F0566D2CB9BB}"
EndProject
Project("{FAE04EC0-301F-11D3-BF4B-00C04F79EFBC}") = "task11", "task11\task11.csproj", "{0681CBC1-4AC4-42FF-8F1C-20414E9D2125}"
EndProject
Project("{FAE04EC0-301F-11D3-BF4B-00C04F79EFBC}") = "task12", "task12\task12.csproj", "{DE3552E2-3402-4C0F-BF38-1F72EDB8DB2B}"
EndProject
Project("{FAE04EC0-301F-11D3-BF4B-00C04F79EFBC}") = "task13", "task13\task13.csproj", "{59A14444-6D59-43E0-8F39-B3A142370B10}"
EndProject
Project("{FAE04EC0-301F-11D3-BF4B-00C04F79EFBC}") = "task14", "task14\task14.csproj", "{86318402-4521-4473-8A65-B1AC6589E9DA}"
EndProject
Project("{FAE04EC0-301F-11D3-BF4B-00C04F79EFBC}") = "task15", "task15\task15.csproj", "{9AC47877-22F7-4FB1-AB59-8DF00882B063}"
EndProject
Project("{FAE04EC0-301F-11D3-BF4B-00C04F79EFBC}") = "task16", "task16\task16.csproj", "{C638F5DA-D03C-48A3-8A98-01DA49E56CB2}"
EndProject
Project("{FAE04EC0-301F-11D3-BF4B-00C04F79EFBC}") = "task17", "task17\task17.csproj", "{FB5AC82D-B8A1-4B5F-B823-53212D0ECFE5}"
EndProject
Project("{FAE04EC0-301F-11D3-BF4B-00C04F79EFBC}") = "task18", "task18\task18.csproj", "{200450C4-DD52-4CF2-BDE8-35815006F8FD}"
EndProject
Project("{FAE04EC0-301F-11D3-BF4B-00C04F79EFBC}") = "task19", "task19\task19.csproj", "{8C14A4DD-5622-4DB1-8EEE-E3AF1E1525DB}"
EndProject
Project("{FAE04EC0-301F-11D3-BF4B-00C04F79EFBC}") = "task20", "task20\task20.csproj", "{15D1BC8B-78AC-41E3-B5F5-11FF30C704AB}"
EndProject
Project("{FAE04EC0-301F-11D3-BF4B-00C04F79EFBC}") = "task21", "task21\task21.csproj", "{9015AD06-295F-45F1-82B0-FC6D101440AE}"
EndProject
Project("{FAE04EC0-301F-11D3-BF4B-00C04F79EFBC}") = "task22", "task22\task22.csproj", "{1A819C0C-83DD-4166-8F90-43B41F391C47}"
EndProject
Project("{FAE04EC0-301F-11D3-BF4B-00C04F79EFBC}") = "task23", "task23\task23.csproj", "{BC895764-0A68-477B-97DC-347A5792576E}"
EndProject
Project("{FAE04EC0-301F-11D3-BF4B-00C04F79EFBC}") = "task24", "task24\task24.csproj", "{3533100A-1F27-4539-8632-7AACE5F49C6B}"
EndProject
Project("{FAE04EC0-301F-11D3-BF4B-00C04F79EFBC}") = "task25", "task25\task25.csproj", "{63E4670A-FC93-4497-B893-552C68282CCC}"
EndProject
Global
	GlobalSection(SolutionConfigurationPlatforms) = preSolution
		Debug|Any CPU = Debug|Any CPU
		Release|Any CPU = Release|Any CPU
	EndGlobalSection
	GlobalSection(ProjectConfigurationPlatforms) = postSolution
		{2D43A698-5BA7-42B2-B1ED-DF714A6DC663}.Debug|Any CPU.ActiveCfg = Debug|Any CPU
		{2D43A698-5BA7-42B2-B1ED-DF714A6DC663}.Debug|Any CPU.Build.0 = Debug|Any CPU
		{2D43A698-5BA7-42B2-B1ED-DF714A6DC663}.Release|Any CPU.ActiveCfg = Release|Any CPU
		{2D43A698-5BA7-42B2-B1ED-DF714A6DC663}.Release|Any CPU.Build.0 = Release|Any CPU
		{5FC06497-442C-421B-AD1A-80783E6F8FA5}.Debug|Any CPU.ActiveCfg = Debug|Any CPU
		{5FC06497-442C-421B-AD1A-80783E6F8FA5}.Debug|Any CPU.Build.0 = Debug|Any CPU
		{5FC06497-442C-421B-AD1A-80783E6F8FA5}.Release|Any CPU.ActiveCfg = Release|Any CPU
		{5FC06497-442C-421B-AD1A-80783E6F8FA5}.Release|Any CPU.Build.0 = Release|Any CPU
		{D7AAA438-570C-4E9F-B1D9-C28623A7A579}.Debug|Any CPU.ActiveCfg = Debug|Any CPU
		{D7AAA438-570C-4E9F-B1D9-C28623A7A579}.Debug|Any CPU.Build.0 = Debug|Any CPU
		{D7AAA438-570C-4E9F-B1D9-C28623A7A579}.Release|Any CPU.ActiveCfg = Release|Any CPU
		{D7AAA438-570C-4E9F-B1D9-C28623A7A579}.Release|Any CPU.Build.0 = Release|Any CPU
		{5A561118-E1E1-4BD5-80FD-BB775CF2A642}.Debug|Any CPU.ActiveCfg = Debug|Any CPU
		{5A561118-E1E1-4BD5-80FD-BB775CF2A642}.Debug|Any CPU.Build.0 = Debug|Any CPU
		{5A561118-E1E1-4BD5-80FD-BB775CF2A642}.Release|Any CPU.ActiveCfg = Release|Any CPU
		{5A561118-E1E1-4BD5-80FD-BB775CF2A642}.Release|Any CPU.Build.0 = Release|Any CPU
		{F99392CF-25F9-4960-8ED1-876AF7EBC328}.Debug|Any CPU.ActiveCfg = Debug|Any CPU
		{F99392CF-25F9-4960-8ED1-876AF7EBC328}.Debug|Any CPU.Build.0 = Debug|Any CPU
		{F99392CF-25F9-4960-8ED1-876AF7EBC328}.Release|Any CPU.ActiveCfg = Release|Any CPU
		{F99392CF-25F9-4960-8ED1-876AF7EBC328}.Release|Any CPU.Build.0 = Release|Any CPU
		{EAD177EB-D3A6-42B1-9D55-D82814C47777}.Debug|Any CPU.ActiveCfg = Debug|Any CPU
		{EAD177EB-D3A6-42B1-9D55-D82814C47777}.Debug|Any CPU.Build.0 = Debug|Any CPU
		{EAD177EB-D3A6-42B1-9D55-D82814C47777}.Release|Any CPU.ActiveCfg = Release|Any CPU
		{EAD177EB-D3A6-42B1-9D55-D82814C47777}.Release|Any CPU.Build.0 = Release|Any CPU
		{F9016ACD-DE1C-4BD1-A55E-86AD72385394}.Debug|Any CPU.ActiveCfg = Debug|Any CPU
		{F9016ACD-DE1C-4BD1-A55E-86AD72385394}.Debug|Any CPU.Build.0 = Debug|Any CPU
		{F9016ACD-DE1C-4BD1-A55E-86AD72385394}.Release|Any CPU.ActiveCfg = Release|Any CPU
		{F9016ACD-DE1C-4BD1-A55E-86AD72385394}.Release|Any CPU.Build.0 = Release|Any CPU
		{E7D4D3B5-3E83-442E-892B-EB434496DA79}.Debug|Any CPU.ActiveCfg = Debug|Any CPU
		{E7D4D3B5-3E83-442E-892B-EB434496DA79}.Debug|Any CPU.Build.0 = Debug|Any CPU
		{E7D4D3B5-3E83-442E-892B-EB434496DA79}.Release|Any CPU.ActiveCfg = Release|Any CPU
		{E7D4D3B5-3E83-442E-892B-EB434496DA79}.Release|Any CPU.Build.0 = Release|Any CPU
		{9AE8CB22-6F07-4B98-8639-251FE26CADC8}.Debug|Any CPU.ActiveCfg = Debug|Any CPU
		{9AE8CB22-6F07-4B98-8639-251FE26CADC8}.Debug|Any CPU.Build.0 = Debug|Any CPU
		{9AE8CB22-6F07-4B98-8639-251FE26CADC8}.Release|Any CPU.ActiveCfg = Release|Any CPU
		{9AE8CB22-6F07-4B98-8639-251FE26CADC8}.Release|Any CPU.Build.0 = Release|Any CPU
		{D70B7445-9AD1-4C38-99C4-F0566D2CB9BB}.Debug|Any CPU.ActiveCfg = Debug|Any CPU
		{D70B7445-9AD1-4C38-99C4-F0566D2CB9BB}.Debug|Any CPU.Build.0 = Debug|Any CPU
		{D70B7445-9AD1-4C38-99C4-F0566D2CB9BB}.Release|Any CPU.ActiveCfg = Release|Any CPU
		{D70B7445-9AD1-4C38-99C4-F0566D2CB9BB}.Release|Any CPU.Build.0 = Release|Any CPU
		{0681CBC1-4AC4-42FF-8F1C-20414E9D2125}.Debug|Any CPU.ActiveCfg = Debug|Any CPU
		{0681CBC1-4AC4-42FF-8F1C-20414E9D2125}.Debug|Any CPU.Build.0 = Debug|Any CPU
		{0681CBC1-4AC4-42FF-8F1C-20414E9D2125}.Release|Any CPU.ActiveCfg = Release|Any CPU
		{0681CBC1-4AC4-42FF-8F1C-20414E9D2125}.Release|Any CPU.Build.0 = Release|Any CPU
		{DE3552E2-3402-4C0F-BF38-1F72EDB8DB2B}.Debug|Any CPU.ActiveCfg = Debug|Any CPU
		{DE3552E2-3402-4C0F-BF38-1F72EDB8DB2B}.Debug|Any CPU.Build.0 = Debug|Any CPU
		{DE3552E2-3402-4C0F-BF38-1F72EDB8DB2B}.Release|Any CPU.ActiveCfg = Release|Any CPU
		{DE3552E2-3402-4C0F-BF38-1F72EDB8DB2B}.Release|Any CPU.Build.0 = Release|Any CPU
		{59A14444-6D59-43E0-8F39-B3A142370B10}.Debug|Any CPU.ActiveCfg = Debug|Any CPU
		{59A14444-6D59-43E0-8F39-B3A142370B10}.Debug|Any CPU.Build.0 = Debug|Any CPU
		{59A14444-6D59-43E0-8F39-B3A142370B10}.Release|Any CPU.ActiveCfg = Release|Any CPU
		{59A14444-6D59-43E0-8F39-B3A142370B10}.Release|Any CPU.Build.0 = Release|Any CPU
		{86318402-4521-4473-8A65-B1AC6589E9DA}.Debug|Any CPU.ActiveCfg = Debug|Any CPU
		{86318402-4521-4473-8A65-B1AC6589E9DA}.Debug|Any CPU.Build.0 = Debug|Any CPU
		{86318402-4521-4473-8A65-B1AC6589E9DA}.Release|Any CPU.ActiveCfg = Release|Any CPU
		{86318402-4521-4473-8A65-B1AC6589E9DA}.Release|Any CPU.Build.0 = Release|Any CPU
		{9AC47877-22F7-4FB1-AB59-8DF00882B063}.Debug|Any CPU.ActiveCfg = Debug|Any CPU
		{9AC47877-22F7-4FB1-AB59-8DF00882B063}.Debug|Any CPU.Build.0 = Debug|Any CPU
		{9AC47877-22F7-4FB1-AB59-8DF00882B063}.Release|Any CPU.ActiveCfg = Release|Any CPU
		{9AC47877-22F7-4FB1-AB59-8DF00882B063}.Release|Any CPU.Build.0 = Release|Any CPU
		{C638F5DA-D03C-48A3-8A98-01DA49E56CB2}.Debug|Any CPU.ActiveCfg = Debug|Any CPU
		{C638F5DA-D03C-48A3-8A98-01DA49E56CB2}.Debug|Any CPU.Build.0 = Debug|Any CPU
		{C638F5DA-D03C-48A3-8A98-01DA49E56CB2}.Release|Any CPU.ActiveCfg = Release|Any CPU
		{C638F5DA-D03C-48A3-8A98-01DA49E56CB2}.Release|Any CPU.Build.0 = Release|Any CPU
		{FB5AC82D-B8A1-4B5F-B823-53212D0ECFE5}.Debug|Any CPU.ActiveCfg = Debug|Any CPU
		{FB5AC82D-B8A1-4B5F-B823-53212D0ECFE5}.Debug|Any CPU.Build.0 = Debug|Any CPU
		{FB5AC82D-B8A1-4B5F-B823-53212D0ECFE5}.Release|Any CPU.ActiveCfg = Release|Any CPU
		{FB5AC82D-B8A1-4B5F-B823-53212D0ECFE5}.Release|Any CPU.Build.0 = Release|Any CPU
		{200450C4-DD52-4CF2-BDE8-35815006F8FD}.Debug|Any CPU.ActiveCfg = Debug|Any CPU
		{200450C4-DD52-4CF2-BDE8-35815006F8FD}.Debug|Any CPU.Build.0 = Debug|Any CPU
		{200450C4-DD52-4CF2-BDE8-35815006F8FD}.Release|Any CPU.ActiveCfg = Release|Any CPU
		{200450C4-DD52-4CF2-BDE8-35815006F8FD}.Release|Any CPU.Build.0 = Release|Any CPU
		{8C14A4DD-5622-4DB1-8EEE-E3AF1E1525DB}.Debug|Any CPU.ActiveCfg = Debug|Any CPU
		{8C14A4DD-5622-4DB1-8EEE-E3AF1E1525DB}.Debug|Any CPU.Build.0 = Debug|Any CPU
		{8C14A4DD-5622-4DB1-8EEE-E3AF1E1525DB}.Release|Any CPU.ActiveCfg = Release|Any CPU
		{8C14A4DD-5622-4DB1-8EEE-E3AF1E1525DB}.Release|Any CPU.Build.0 = Release|Any CPU
		{15D1BC8B-78AC-41E3-B5F5-11FF30C704AB}.Debug|Any CPU.ActiveCfg = Debug|Any CPU
		{15D1BC8B-78AC-41E3-B5F5-11FF30C704AB}.Debug|Any CPU.Build.0 = Debug|Any CPU
		{15D1BC8B-78AC-41E3-B5F5-11FF30C704AB}.Release|Any CPU.ActiveCfg = Release|Any CPU
		{15D1BC8B-78AC-41E3-B5F5-11FF30C704AB}.Release|Any CPU.Build.0 = Release|Any CPU
		{9015AD06-295F-45F1-82B0-FC6D101440AE}.Debug|Any CPU.ActiveCfg = Debug|Any CPU
		{9015AD06-295F-45F1-82B0-FC6D101440AE}.Debug|Any CPU.Build.0 = Debug|Any CPU
		{9015AD06-295F-45F1-82B0-FC6D101440AE}.Release|Any CPU.ActiveCfg = Release|Any CPU
		{9015AD06-295F-45F1-82B0-FC6D101440AE}.Release|Any CPU.Build.0 = Release|Any CPU
		{1A819C0C-83DD-4166-8F90-43B41F391C47}.Debug|Any CPU.ActiveCfg = Debug|Any CPU
		{1A819C0C-83DD-4166-8F90-43B41F391C47}.Debug|Any CPU.Build.0 = Debug|Any CPU
		{1A819C0C-83DD-4166-8F90-43B41F391C47}.Release|Any CPU.ActiveCfg = Release|Any CPU
		{1A819C0C-83DD-4166-8F90-43B41F391C47}.Release|Any CPU.Build.0 = Release|Any CPU
		{BC895764-0A68-477B-97DC-347A5792576E}.Debug|Any CPU.ActiveCfg = Debug|Any CPU
		{BC895764-0A68-477B-97DC-347A5792576E}.Debug|Any CPU.Build.0 = Debug|Any CPU
		{BC895764-0A68-477B-97DC-347A5792576E}.Release|Any CPU.ActiveCfg = Release|Any CPU
		{BC895764-0A68-477B-97DC-347A5792576E}.Release|Any CPU.Build.0 = Release|Any CPU
		{3533100A-1F27-4539-8632-7AACE5F49C6B}.Debug|Any CPU.ActiveCfg = Debug|Any CPU
		{3533100A-1F27-4539-8632-7AACE5F49C6B}.Debug|Any CPU.Build.0 = Debug|Any CPU
		{3533100A-1F27-4539-8632-7AACE5F49C6B}.Release|Any CPU.ActiveCfg = Release|Any CPU
		{3533100A-1F27-4539-8632-7AACE5F49C6B}.Release|Any CPU.Build.0 = Release|Any CPU
		{63E4670A-FC93-4497-B893-552C68282CCC}.Debug|Any CPU.ActiveCfg = Debug|Any CPU
		{63E4670A-FC93-4497-B893-552C68282CCC}.Debug|Any CPU.Build.0 = Debug|Any CPU
		{63E4670A-FC93-4497-B893-552C68282CCC}.Release|Any CPU.ActiveCfg = Release|Any CPU
		{63E4670A-FC93-4497-B893-552C68282CCC}.Release|Any CPU.Build.0 = Release|Any CPU
	EndGlobalSection
	GlobalSection(SolutionProperties) = preSolution
		HideSolutionNode = FALSE
	EndGlobalSection
EndGlobal
