
Microsoft Visual Studio Solution File, Format Version 12.00
# Visual Studio 2012
Project("{FAE04EC0-301F-11D3-BF4B-00C04F79EFBC}") = "GSMTest", "ConsoleApp\GSMTest.csproj", "{4EC0F93A-ED76-4F7D-AB02-40A28CC694E0}"
EndProject
Project("{FAE04EC0-301F-11D3-BF4B-00C04F79EFBC}") = "MobilePhone", "Phone\MobilePhone.csproj", "{BD32227F-5BD3-41C6-AD13-5E4EA157F342}"
EndProject
Global
	GlobalSection(SolutionConfigurationPlatforms) = preSolution
		Debug|Any CPU = Debug|Any CPU
		Release|Any CPU = Release|Any CPU
	EndGlobalSection
	GlobalSection(ProjectConfigurationPlatforms) = postSolution
		{4EC0F93A-ED76-4F7D-AB02-40A28CC694E0}.Debug|Any CPU.ActiveCfg = Debug|Any CPU
		{4EC0F93A-ED76-4F7D-AB02-40A28CC694E0}.Debug|Any CPU.Build.0 = Debug|Any CPU
		{4EC0F93A-ED76-4F7D-AB02-40A28CC694E0}.Release|Any CPU.ActiveCfg = Release|Any CPU
		{4EC0F93A-ED76-4F7D-AB02-40A28CC694E0}.Release|Any CPU.Build.0 = Release|Any CPU
		{BD32227F-5BD3-41C6-AD13-5E4EA157F342}.Debug|Any CPU.ActiveCfg = Debug|Any CPU
		{BD32227F-5BD3-41C6-AD13-5E4EA157F342}.Debug|Any CPU.Build.0 = Debug|Any CPU
		{BD32227F-5BD3-41C6-AD13-5E4EA157F342}.Release|Any CPU.ActiveCfg = Release|Any CPU
		{BD32227F-5BD3-41C6-AD13-5E4EA157F342}.Release|Any CPU.Build.0 = Release|Any CPU
	EndGlobalSection
	GlobalSection(SolutionProperties) = preSolution
		HideSolutionNode = FALSE
	EndGlobalSection
EndGlobal
