
Microsoft Visual Studio Solution File, Format Version 12.00
# Visual Studio 2012
Project("{FAE04EC0-301F-11D3-BF4B-00C04F79EFBC}") = "zad1", "zad1\zad1.csproj", "{050C838B-5301-4398-B38B-2A151F056CB2}"
EndProject
Project("{FAE04EC0-301F-11D3-BF4B-00C04F79EFBC}") = "zad2", "zad2\zad2.csproj", "{95893B7B-B8B1-4EC0-AC58-FC2567273203}"
EndProject
Project("{FAE04EC0-301F-11D3-BF4B-00C04F79EFBC}") = "zad3", "zad3\zad3.csproj", "{8EFDC296-1344-4792-B6E1-EF7E164BB004}"
EndProject
Project("{FAE04EC0-301F-11D3-BF4B-00C04F79EFBC}") = "zad4", "zad4\zad4.csproj", "{CE169D04-60C7-4D95-84E5-9C959B601DE2}"
EndProject
Project("{FAE04EC0-301F-11D3-BF4B-00C04F79EFBC}") = "zad5", "zad5\zad5.csproj", "{FF7D69C5-CE38-4FC5-AE24-366F4FE869DD}"
EndProject
Project("{FAE04EC0-301F-11D3-BF4B-00C04F79EFBC}") = "zad6", "zad6\zad6.csproj", "{66431AE8-2807-431E-B739-E0B230D5E324}"
EndProject
Project("{FAE04EC0-301F-11D3-BF4B-00C04F79EFBC}") = "zad7", "zad7\zad7.csproj", "{D352D6D9-8BC8-4572-B9CE-46B390C9F18C}"
EndProject
Project("{FAE04EC0-301F-11D3-BF4B-00C04F79EFBC}") = "zad8", "zad8\zad8.csproj", "{361A3F87-1CA7-440B-8E91-C12DDD629E2B}"
EndProject
Project("{FAE04EC0-301F-11D3-BF4B-00C04F79EFBC}") = "zad9", "zad9\zad9.csproj", "{59AC26D4-7E19-4AD3-82B0-D616679A0174}"
EndProject
Project("{FAE04EC0-301F-11D3-BF4B-00C04F79EFBC}") = "zad10", "zad10\zad10.csproj", "{BC5C328A-2C2B-4939-8408-0C08A7A3919F}"
EndProject
Project("{FAE04EC0-301F-11D3-BF4B-00C04F79EFBC}") = "zad12", "zad12\zad12.csproj", "{A4A14028-969A-420C-88ED-2C3209187AE8}"
EndProject
Project("{FAE04EC0-301F-11D3-BF4B-00C04F79EFBC}") = "zad11", "zad11\zad11.csproj", "{3ABE17E7-AAC5-46AC-A40A-CEF0BA4FE182}"
EndProject
Project("{FAE04EC0-301F-11D3-BF4B-00C04F79EFBC}") = "zad13", "zad13\zad13.csproj", "{D6202D20-89BE-4F4F-8E6D-56A24C5B4540}"
EndProject
Project("{FAE04EC0-301F-11D3-BF4B-00C04F79EFBC}") = "zad14", "zad14\zad14.csproj", "{4987B31B-B40F-433B-8F08-0CD8C9535004}"
EndProject
Global
	GlobalSection(SolutionConfigurationPlatforms) = preSolution
		Debug|Any CPU = Debug|Any CPU
		Release|Any CPU = Release|Any CPU
	EndGlobalSection
	GlobalSection(ProjectConfigurationPlatforms) = postSolution
		{050C838B-5301-4398-B38B-2A151F056CB2}.Debug|Any CPU.ActiveCfg = Debug|Any CPU
		{050C838B-5301-4398-B38B-2A151F056CB2}.Debug|Any CPU.Build.0 = Debug|Any CPU
		{050C838B-5301-4398-B38B-2A151F056CB2}.Release|Any CPU.ActiveCfg = Release|Any CPU
		{050C838B-5301-4398-B38B-2A151F056CB2}.Release|Any CPU.Build.0 = Release|Any CPU
		{95893B7B-B8B1-4EC0-AC58-FC2567273203}.Debug|Any CPU.ActiveCfg = Debug|Any CPU
		{95893B7B-B8B1-4EC0-AC58-FC2567273203}.Debug|Any CPU.Build.0 = Debug|Any CPU
		{95893B7B-B8B1-4EC0-AC58-FC2567273203}.Release|Any CPU.ActiveCfg = Release|Any CPU
		{95893B7B-B8B1-4EC0-AC58-FC2567273203}.Release|Any CPU.Build.0 = Release|Any CPU
		{8EFDC296-1344-4792-B6E1-EF7E164BB004}.Debug|Any CPU.ActiveCfg = Debug|Any CPU
		{8EFDC296-1344-4792-B6E1-EF7E164BB004}.Debug|Any CPU.Build.0 = Debug|Any CPU
		{8EFDC296-1344-4792-B6E1-EF7E164BB004}.Release|Any CPU.ActiveCfg = Release|Any CPU
		{8EFDC296-1344-4792-B6E1-EF7E164BB004}.Release|Any CPU.Build.0 = Release|Any CPU
		{CE169D04-60C7-4D95-84E5-9C959B601DE2}.Debug|Any CPU.ActiveCfg = Debug|Any CPU
		{CE169D04-60C7-4D95-84E5-9C959B601DE2}.Debug|Any CPU.Build.0 = Debug|Any CPU
		{CE169D04-60C7-4D95-84E5-9C959B601DE2}.Release|Any CPU.ActiveCfg = Release|Any CPU
		{CE169D04-60C7-4D95-84E5-9C959B601DE2}.Release|Any CPU.Build.0 = Release|Any CPU
		{FF7D69C5-CE38-4FC5-AE24-366F4FE869DD}.Debug|Any CPU.ActiveCfg = Debug|Any CPU
		{FF7D69C5-CE38-4FC5-AE24-366F4FE869DD}.Debug|Any CPU.Build.0 = Debug|Any CPU
		{FF7D69C5-CE38-4FC5-AE24-366F4FE869DD}.Release|Any CPU.ActiveCfg = Release|Any CPU
		{FF7D69C5-CE38-4FC5-AE24-366F4FE869DD}.Release|Any CPU.Build.0 = Release|Any CPU
		{66431AE8-2807-431E-B739-E0B230D5E324}.Debug|Any CPU.ActiveCfg = Debug|Any CPU
		{66431AE8-2807-431E-B739-E0B230D5E324}.Debug|Any CPU.Build.0 = Debug|Any CPU
		{66431AE8-2807-431E-B739-E0B230D5E324}.Release|Any CPU.ActiveCfg = Release|Any CPU
		{66431AE8-2807-431E-B739-E0B230D5E324}.Release|Any CPU.Build.0 = Release|Any CPU
		{D352D6D9-8BC8-4572-B9CE-46B390C9F18C}.Debug|Any CPU.ActiveCfg = Debug|Any CPU
		{D352D6D9-8BC8-4572-B9CE-46B390C9F18C}.Debug|Any CPU.Build.0 = Debug|Any CPU
		{D352D6D9-8BC8-4572-B9CE-46B390C9F18C}.Release|Any CPU.ActiveCfg = Release|Any CPU
		{D352D6D9-8BC8-4572-B9CE-46B390C9F18C}.Release|Any CPU.Build.0 = Release|Any CPU
		{361A3F87-1CA7-440B-8E91-C12DDD629E2B}.Debug|Any CPU.ActiveCfg = Debug|Any CPU
		{361A3F87-1CA7-440B-8E91-C12DDD629E2B}.Debug|Any CPU.Build.0 = Debug|Any CPU
		{361A3F87-1CA7-440B-8E91-C12DDD629E2B}.Release|Any CPU.ActiveCfg = Release|Any CPU
		{361A3F87-1CA7-440B-8E91-C12DDD629E2B}.Release|Any CPU.Build.0 = Release|Any CPU
		{59AC26D4-7E19-4AD3-82B0-D616679A0174}.Debug|Any CPU.ActiveCfg = Debug|Any CPU
		{59AC26D4-7E19-4AD3-82B0-D616679A0174}.Debug|Any CPU.Build.0 = Debug|Any CPU
		{59AC26D4-7E19-4AD3-82B0-D616679A0174}.Release|Any CPU.ActiveCfg = Release|Any CPU
		{59AC26D4-7E19-4AD3-82B0-D616679A0174}.Release|Any CPU.Build.0 = Release|Any CPU
		{BC5C328A-2C2B-4939-8408-0C08A7A3919F}.Debug|Any CPU.ActiveCfg = Debug|Any CPU
		{BC5C328A-2C2B-4939-8408-0C08A7A3919F}.Debug|Any CPU.Build.0 = Debug|Any CPU
		{BC5C328A-2C2B-4939-8408-0C08A7A3919F}.Release|Any CPU.ActiveCfg = Release|Any CPU
		{BC5C328A-2C2B-4939-8408-0C08A7A3919F}.Release|Any CPU.Build.0 = Release|Any CPU
		{A4A14028-969A-420C-88ED-2C3209187AE8}.Debug|Any CPU.ActiveCfg = Debug|Any CPU
		{A4A14028-969A-420C-88ED-2C3209187AE8}.Debug|Any CPU.Build.0 = Debug|Any CPU
		{A4A14028-969A-420C-88ED-2C3209187AE8}.Release|Any CPU.ActiveCfg = Release|Any CPU
		{A4A14028-969A-420C-88ED-2C3209187AE8}.Release|Any CPU.Build.0 = Release|Any CPU
		{3ABE17E7-AAC5-46AC-A40A-CEF0BA4FE182}.Debug|Any CPU.ActiveCfg = Debug|Any CPU
		{3ABE17E7-AAC5-46AC-A40A-CEF0BA4FE182}.Debug|Any CPU.Build.0 = Debug|Any CPU
		{3ABE17E7-AAC5-46AC-A40A-CEF0BA4FE182}.Release|Any CPU.ActiveCfg = Release|Any CPU
		{3ABE17E7-AAC5-46AC-A40A-CEF0BA4FE182}.Release|Any CPU.Build.0 = Release|Any CPU
		{D6202D20-89BE-4F4F-8E6D-56A24C5B4540}.Debug|Any CPU.ActiveCfg = Debug|Any CPU
		{D6202D20-89BE-4F4F-8E6D-56A24C5B4540}.Debug|Any CPU.Build.0 = Debug|Any CPU
		{D6202D20-89BE-4F4F-8E6D-56A24C5B4540}.Release|Any CPU.ActiveCfg = Release|Any CPU
		{D6202D20-89BE-4F4F-8E6D-56A24C5B4540}.Release|Any CPU.Build.0 = Release|Any CPU
		{4987B31B-B40F-433B-8F08-0CD8C9535004}.Debug|Any CPU.ActiveCfg = Debug|Any CPU
		{4987B31B-B40F-433B-8F08-0CD8C9535004}.Debug|Any CPU.Build.0 = Debug|Any CPU
		{4987B31B-B40F-433B-8F08-0CD8C9535004}.Release|Any CPU.ActiveCfg = Release|Any CPU
		{4987B31B-B40F-433B-8F08-0CD8C9535004}.Release|Any CPU.Build.0 = Release|Any CPU
	EndGlobalSection
	GlobalSection(SolutionProperties) = preSolution
		HideSolutionNode = FALSE
	EndGlobalSection
EndGlobal
