
Microsoft Visual Studio Solution File, Format Version 12.00
# Visual Studio 2012
Project("{FAE04EC0-301F-11D3-BF4B-00C04F79EFBC}") = "task1_AbstractClassShape", "task1_AbstractClassShape\task1_AbstractClassShape.csproj", "{EDB64F96-D15F-492D-81CC-7C238D6E66A7}"
EndProject
Project("{FAE04EC0-301F-11D3-BF4B-00C04F79EFBC}") = "task2_ClassBank", "task2_ClassBank\task2_ClassBank.csproj", "{74DC2DEA-DCB6-4F7C-ABEA-904648A9A0B6}"
EndProject
Project("{FAE04EC0-301F-11D3-BF4B-00C04F79EFBC}") = "task3_ClassExeption", "task3_ClassExeption\task3_ClassExeption.csproj", "{B67DF191-9172-4184-9958-082DF51A6CCE}"
EndProject
Global
	GlobalSection(SolutionConfigurationPlatforms) = preSolution
		Debug|Any CPU = Debug|Any CPU
		Release|Any CPU = Release|Any CPU
	EndGlobalSection
	GlobalSection(ProjectConfigurationPlatforms) = postSolution
		{EDB64F96-D15F-492D-81CC-7C238D6E66A7}.Debug|Any CPU.ActiveCfg = Debug|Any CPU
		{EDB64F96-D15F-492D-81CC-7C238D6E66A7}.Debug|Any CPU.Build.0 = Debug|Any CPU
		{EDB64F96-D15F-492D-81CC-7C238D6E66A7}.Release|Any CPU.ActiveCfg = Release|Any CPU
		{EDB64F96-D15F-492D-81CC-7C238D6E66A7}.Release|Any CPU.Build.0 = Release|Any CPU
		{74DC2DEA-DCB6-4F7C-ABEA-904648A9A0B6}.Debug|Any CPU.ActiveCfg = Debug|Any CPU
		{74DC2DEA-DCB6-4F7C-ABEA-904648A9A0B6}.Debug|Any CPU.Build.0 = Debug|Any CPU
		{74DC2DEA-DCB6-4F7C-ABEA-904648A9A0B6}.Release|Any CPU.ActiveCfg = Release|Any CPU
		{74DC2DEA-DCB6-4F7C-ABEA-904648A9A0B6}.Release|Any CPU.Build.0 = Release|Any CPU
		{B67DF191-9172-4184-9958-082DF51A6CCE}.Debug|Any CPU.ActiveCfg = Debug|Any CPU
		{B67DF191-9172-4184-9958-082DF51A6CCE}.Debug|Any CPU.Build.0 = Debug|Any CPU
		{B67DF191-9172-4184-9958-082DF51A6CCE}.Release|Any CPU.ActiveCfg = Release|Any CPU
		{B67DF191-9172-4184-9958-082DF51A6CCE}.Release|Any CPU.Build.0 = Release|Any CPU
	EndGlobalSection
	GlobalSection(SolutionProperties) = preSolution
		HideSolutionNode = FALSE
	EndGlobalSection
EndGlobal
